// !$*UTF8*$!
{
	archiveVersion = 1;
	classes = {
	};
	objectVersion = 50;
	objects = {

/* Begin PBXBuildFile section */
		02D7852E20F9242E00B869A7 /* AppDelegate.swift in Sources */ = {isa = PBXBuildFile; fileRef = 02D7852D20F9242E00B869A7 /* AppDelegate.swift */; };
		02D7853020F9242E00B869A7 /* ViewController.swift in Sources */ = {isa = PBXBuildFile; fileRef = 02D7852F20F9242E00B869A7 /* ViewController.swift */; };
		02D7853320F9242E00B869A7 /* Main.storyboard in Resources */ = {isa = PBXBuildFile; fileRef = 02D7853120F9242E00B869A7 /* Main.storyboard */; };
		02D7853620F9242E00B869A7 /* TicTacToe.xcdatamodeld in Sources */ = {isa = PBXBuildFile; fileRef = 02D7853420F9242E00B869A7 /* TicTacToe.xcdatamodeld */; };
		02D7853820F9242F00B869A7 /* Assets.xcassets in Resources */ = {isa = PBXBuildFile; fileRef = 02D7853720F9242F00B869A7 /* Assets.xcassets */; };
		02D7853B20F9242F00B869A7 /* LaunchScreen.storyboard in Resources */ = {isa = PBXBuildFile; fileRef = 02D7853920F9242F00B869A7 /* LaunchScreen.storyboard */; };
		02D7854B20F9343500B869A7 /* Cross.png in Resources */ = {isa = PBXBuildFile; fileRef = 02D7854820F9343500B869A7 /* Cross.png */; };
		02D7854C20F9343500B869A7 /* Circle.png in Resources */ = {isa = PBXBuildFile; fileRef = 02D7854920F9343500B869A7 /* Circle.png */; };
		02D7854D20F9343500B869A7 /* Board.jpg in Resources */ = {isa = PBXBuildFile; fileRef = 02D7854A20F9343500B869A7 /* Board.jpg */; };
/* End PBXBuildFile section */

/* Begin PBXFileReference section */
		02D7852A20F9242E00B869A7 /* TicTacToe.app */ = {isa = PBXFileReference; explicitFileType = wrapper.application; includeInIndex = 0; path = TicTacToe.app; sourceTree = BUILT_PRODUCTS_DIR; };
		02D7852D20F9242E00B869A7 /* AppDelegate.swift */ = {isa = PBXFileReference; lastKnownFileType = sourcecode.swift; path = AppDelegate.swift; sourceTree = "<group>"; };
		02D7852F20F9242E00B869A7 /* ViewController.swift */ = {isa = PBXFileReference; lastKnownFileType = sourcecode.swift; path = ViewController.swift; sourceTree = "<group>"; };
		02D7853220F9242E00B869A7 /* Base */ = {isa = PBXFileReference; lastKnownFileType = file.storyboard; name = Base; path = Base.lproj/Main.storyboard; sourceTree = "<group>"; };
		02D7853520F9242E00B869A7 /* TicTacToe.xcdatamodel */ = {isa = PBXFileReference; lastKnownFileType = wrapper.xcdatamodel; path = TicTacToe.xcdatamodel; sourceTree = "<group>"; };
		02D7853720F9242F00B869A7 /* Assets.xcassets */ = {isa = PBXFileReference; lastKnownFileType = folder.assetcatalog; path = Assets.xcassets; sourceTree = "<group>"; };
		02D7853A20F9242F00B869A7 /* Base */ = {isa = PBXFileReference; lastKnownFileType = file.storyboard; name = Base; path = Base.lproj/LaunchScreen.storyboard; sourceTree = "<group>"; };
		02D7853C20F9242F00B869A7 /* Info.plist */ = {isa = PBXFileReference; lastKnownFileType = text.plist.xml; path = Info.plist; sourceTree = "<group>"; };
		02D7854820F9343500B869A7 /* Cross.png */ = {isa = PBXFileReference; lastKnownFileType = image.png; name = Cross.png; path = TicTacToe/Cross.png; sourceTree = SOURCE_ROOT; };
		02D7854920F9343500B869A7 /* Circle.png */ = {isa = PBXFileReference; lastKnownFileType = image.png; name = Circle.png; path = TicTacToe/Circle.png; sourceTree = SOURCE_ROOT; };
		02D7854A20F9343500B869A7 /* Board.jpg */ = {isa = PBXFileReference; lastKnownFileType = image.jpeg; name = Board.jpg; path = TicTacToe/Board.jpg; sourceTree = SOURCE_ROOT; };
/* End PBXFileReference section */

/* Begin PBXFrameworksBuildPhase section */
		02D7852720F9242E00B869A7 /* Frameworks */ = {
			isa = PBXFrameworksBuildPhase;
			buildActionMask = 2147483647;
			files = (
			);
			runOnlyForDeploymentPostprocessing = 0;
		};
/* End PBXFrameworksBuildPhase section */

/* Begin PBXGroup section */
		02D7852120F9242E00B869A7 = {
			isa = PBXGroup;
			children = (
				02D7852C20F9242E00B869A7 /* TicTacToe */,
				02D7852B20F9242E00B869A7 /* Products */,
			);
			sourceTree = "<group>";
		};
		02D7852B20F9242E00B869A7 /* Products */ = {
			isa = PBXGroup;
			children = (
				02D7852A20F9242E00B869A7 /* TicTacToe.app */,
			);
			name = Products;
			sourceTree = "<group>";
		};
		02D7852C20F9242E00B869A7 /* TicTacToe */ = {
			isa = PBXGroup;
			children = (
				02D7852D20F9242E00B869A7 /* AppDelegate.swift */,
				02D7852F20F9242E00B869A7 /* ViewController.swift */,
				02D7854A20F9343500B869A7 /* Board.jpg */,
				02D7854920F9343500B869A7 /* Circle.png */,
				02D7854820F9343500B869A7 /* Cross.png */,
				02D7853120F9242E00B869A7 /* Main.storyboard */,
				02D7853720F9242F00B869A7 /* Assets.xcassets */,
				02D7853920F9242F00B869A7 /* LaunchScreen.storyboard */,
				02D7853C20F9242F00B869A7 /* Info.plist */,
				02D7853420F9242E00B869A7 /* TicTacToe.xcdatamodeld */,
			);
			path = TicTacToe;
			sourceTree = "<group>";
		};
/* End PBXGroup section */

/* Begin PBXNativeTarget section */
		02D7852920F9242E00B869A7 /* TicTacToe */ = {
			isa = PBXNativeTarget;
			buildConfigurationList = 02D7853F20F9242F00B869A7 /* Build configuration list for PBXNativeTarget "TicTacToe" */;
			buildPhases = (
				02D7852620F9242E00B869A7 /* Sources */,
				02D7852720F9242E00B869A7 /* Frameworks */,
				02D7852820F9242E00B869A7 /* Resources */,
			);
			buildRules = (
			);
			dependencies = (
			);
			name = TicTacToe;
			productName = TicTacToe;
			productReference = 02D7852A20F9242E00B869A7 /* TicTacToe.app */;
			productType = "com.apple.product-type.application";
		};
/* End PBXNativeTarget section */

/* Begin PBXProject section */
		02D7852220F9242E00B869A7 /* Project object */ = {
			isa = PBXProject;
			attributes = {
				LastSwiftUpdateCheck = 0940;
				LastUpgradeCheck = 0940;
				ORGANIZATIONNAME = "Swapnil Kha";
				TargetAttributes = {
					02D7852920F9242E00B869A7 = {
						CreatedOnToolsVersion = 9.4.1;
					};
				};
			};
			buildConfigurationList = 02D7852520F9242E00B869A7 /* Build configuration list for PBXProject "TicTacToe" */;
			compatibilityVersion = "Xcode 9.3";
			developmentRegion = en;
			hasScannedForEncodings = 0;
			knownRegions = (
				en,
				Base,
			);
			mainGroup = 02D7852120F9242E00B869A7;
			productRefGroup = 02D7852B20F9242E00B869A7 /* Products */;
			projectDirPath = "";
			projectRoot = "";
			targets = (
				02D7852920F9242E00B869A7 /* TicTacToe */,
			);
		};
/* End PBXProject section */

/* Begin PBXResourcesBuildPhase section */
		02D7852820F9242E00B869A7 /* Resources */ = {
			isa = PBXResourcesBuildPhase;
			buildActionMask = 2147483647;
			files = (
				02D7854D20F9343500B869A7 /* Board.jpg in Resources */,
				02D7853B20F9242F00B869A7 /* LaunchScreen.storyboard in Resources */,
				02D7854B20F9343500B869A7 /* Cross.png in Resources */,
				02D7853820F9242F00B869A7 /* Assets.xcassets in Resources */,
				02D7853320F9242E00B869A7 /* Main.storyboard in Resources */,
				02D7854C20F9343500B869A7 /* Circle.png in Resources */,
			);
			runOnlyForDeploymentPostprocessing = 0;
		};
/* End PBXResourcesBuildPhase section */

/* Begin PBXSourcesBuildPhase section */
		02D7852620F9242E00B869A7 /* Sources */ = {
			isa = PBXSourcesBuildPhase;
			buildActionMask = 2147483647;
			files = (
				02D7853620F9242E00B869A7 /* TicTacToe.xcdatamodeld in Sources */,
				02D7853020F9242E00B869A7 /* ViewController.swift in Sources */,
				02D7852E20F9242E00B869A7 /* AppDelegate.swift in Sources */,
			);
			runOnlyForDeploymentPostprocessing = 0;
		};
/* End PBXSourcesBuildPhase section */

/* Begin PBXVariantGroup section */
		02D7853120F9242E00B869A7 /* Main.storyboard */ = {
			isa = PBXVariantGroup;
			children = (
				02D7853220F9242E00B869A7 /* Base */,
			);
			name = Main.storyboard;
			sourceTree = "<group>";
		};
		02D7853920F9242F00B869A7 /* LaunchScreen.storyboard */ = {
			isa = PBXVariantGroup;
			children = (
				02D7853A20F9242F00B869A7 /* Base */,
			);
			name = LaunchScreen.storyboard;
			sourceTree = "<group>";
		};
/* End PBXVariantGroup section */

/* Begin XCBuildConfiguration section */
		02D7853D20F9242F00B869A7 /* Debug */ = {
			isa = XCBuildConfiguration;
			buildSettings = {
				ALWAYS_SEARCH_USER_PATHS = NO;
				CLANG_ANALYZER_NONNULL = YES;
				CLANG_ANALYZER_NUMBER_OBJECT_CONVERSION = YES_AGGRESSIVE;
				CLANG_CXX_LANGUAGE_STANDARD = "gnu++14";
				CLANG_CXX_LIBRARY = "libc++";
				CLANG_ENABLE_MODULES = YES;
				CLANG_ENABLE_OBJC_ARC = YES;
				CLANG_ENABLE_OBJC_WEAK = YES;
				CLANG_WARN_BLOCK_CAPTURE_AUTORELEASING = YES;
				CLANG_WARN_BOOL_CONVERSION = YES;
				CLANG_WARN_COMMA = YES;
				CLANG_WARN_CONSTANT_CONVERSION = YES;
				CLANG_WARN_DEPRECATED_OBJC_IMPLEMENTATIONS = YES;
				CLANG_WARN_DIRECT_OBJC_ISA_USAGE = YES_ERROR;
				CLANG_WARN_DOCUMENTATION_COMMENTS = YES;
				CLANG_WARN_EMPTY_BODY = YES;
				CLANG_WARN_ENUM_CONVERSION = YES;
				CLANG_WARN_INFINITE_RECURSION = YES;
				CLANG_WARN_INT_CONVERSION = YES;
				CLANG_WARN_NON_LITERAL_NULL_CONVERSION = YES;
				CLANG_WARN_OBJC_IMPLICIT_RETAIN_SELF = YES;
				CLANG_WARN_OBJC_LITERAL_CONVERSION = YES;
				CLANG_WARN_OBJC_ROOT_CLASS = YES_ERROR;
				CLANG_WARN_RANGE_LOOP_ANALYSIS = YES;
				CLANG_WARN_STRICT_PROTOTYPES = YES;
				CLANG_WARN_SUSPICIOUS_MOVE = YES;
				CLANG_WARN_UNGUARDED_AVAILABILITY = YES_AGGRESSIVE;
				CLANG_WARN_UNREACHABLE_CODE = YES;
				CLANG_WARN__DUPLICATE_METHOD_MATCH = YES;
				CODE_SIGN_IDENTITY = "iPhone Developer";
				COPY_PHASE_STRIP = NO;
				DEBUG_INFORMATION_FORMAT = dwarf;
				ENABLE_STRICT_OBJC_MSGSEND = YES;
				ENABLE_TESTABILITY = YES;
				GCC_C_LANGUAGE_STANDARD = gnu11;
				GCC_DYNAMIC_NO_PIC = NO;
				GCC_NO_COMMON_BLOCKS = YES;
				GCC_OPTIMIZATION_LEVEL = 0;
				GCC_PREPROCESSOR_DEFINITIONS = (
					"DEBUG=1",
					"$(inherited)",
				);
				GCC_WARN_64_TO_32_BIT_CONVERSION = YES;
				GCC_WARN_ABOUT_RETURN_TYPE = YES_ERROR;
				GCC_WARN_UNDECLARED_SELECTOR = YES;
				GCC_WARN_UNINITIALIZED_AUTOS = YES_AGGRESSIVE;
				GCC_WARN_UNUSED_FUNCTION = YES;
				GCC_WARN_UNUSED_VARIABLE = YES;
				IPHONEOS_DEPLOYMENT_TARGET = 11.4;
				MTL_ENABLE_DEBUG_INFO = YES;
				ONLY_ACTIVE_ARCH = YES;
				SDKROOT = iphoneos;
				SWIFT_ACTIVE_COMPILATION_CONDITIONS = DEBUG;
				SWIFT_OPTIMIZATION_LEVEL = "-Onone";
			};
			name = Debug;
		};
		02D7853E20F9242F00B869A7 /* Release */ = {
			isa = XCBuildConfiguration;
			buildSettings = {
				ALWAYS_SEARCH_USER_PATHS = NO;
				CLANG_ANALYZER_NONNULL = YES;
				CLANG_ANALYZER_NUMBER_OBJECT_CONVERSION = YES_AGGRESSIVE;
				CLANG_CXX_LANGUAGE_STANDARD = "gnu++14";
				CLANG_CXX_LIBRARY = "libc++";
				CLANG_ENABLE_MODULES = YES;
				CLANG_ENABLE_OBJC_ARC = YES;
				CLANG_ENABLE_OBJC_WEAK = YES;
				CLANG_WARN_BLOCK_CAPTURE_AUTORELEASING = YES;
				CLANG_WARN_BOOL_CONVERSION = YES;
				CLANG_WARN_COMMA = YES;
				CLANG_WARN_CONSTANT_CONVERSION = YES;
				CLANG_WARN_DEPRECATED_OBJC_IMPLEMENTATIONS = YES;
				CLANG_WARN_DIRECT_OBJC_ISA_USAGE = YES_ERROR;
				CLANG_WARN_DOCUMENTATION_COMMENTS = YES;
				CLANG_WARN_EMPTY_BODY = YES;
				CLANG_WARN_ENUM_CONVERSION = YES;
				CLANG_WARN_INFINITE_RECURSION = YES;
				CLANG_WARN_INT_CONVERSION = YES;
				CLANG_WARN_NON_LITERAL_NULL_CONVERSION = YES;
				CLANG_WARN_OBJC_IMPLICIT_RETAIN_SELF = YES;
				CLANG_WARN_OBJC_LITERAL_CONVERSION = YES;
				CLANG_WARN_OBJC_ROOT_CLASS = YES_ERROR;
				CLANG_WARN_RANGE_LOOP_ANALYSIS = YES;
				CLANG_WARN_STRICT_PROTOTYPES = YES;
				CLANG_WARN_SUSPICIOUS_MOVE = YES;
				CLANG_WARN_UNGUARDED_AVAILABILITY = YES_AGGRESSIVE;
				CLANG_WARN_UNREACHABLE_CODE = YES;
				CLANG_WARN__DUPLICATE_METHOD_MATCH = YES;
				CODE_SIGN_IDENTITY = "iPhone Developer";
				COPY_PHASE_STRIP = NO;
				DEBUG_INFORMATION_FORMAT = "dwarf-with-dsym";
				ENABLE_NS_ASSERTIONS = NO;
				ENABLE_STRICT_OBJC_MSGSEND = YES;
				GCC_C_LANGUAGE_STANDARD = gnu11;
				GCC_NO_COMMON_BLOCKS = YES;
				GCC_WARN_64_TO_32_BIT_CONVERSION = YES;
				GCC_WARN_ABOUT_RETURN_TYPE = YES_ERROR;
				GCC_WARN_UNDECLARED_SELECTOR = YES;
				GCC_WARN_UNINITIALIZED_AUTOS = YES_AGGRESSIVE;
				GCC_WARN_UNUSED_FUNCTION = YES;
				GCC_WARN_UNUSED_VARIABLE = YES;
				IPHONEOS_DEPLOYMENT_TARGET = 11.4;
				MTL_ENABLE_DEBUG_INFO = NO;
				SDKROOT = iphoneos;
				SWIFT_COMPILATION_MODE = wholemodule;
				SWIFT_OPTIMIZATION_LEVEL = "-O";
				VALIDATE_PRODUCT = YES;
			};
			name = Release;
		};
		02D7854020F9242F00B869A7 /* Debug */ = {
			isa = XCBuildConfiguration;
			buildSettings = {
				ASSETCATALOG_COMPILER_APPICON_NAME = AppIcon;
				CODE_SIGN_STYLE = Automatic;
				DEVELOPMENT_TEAM = TQJCZR8PSW;
				INFOPLIST_FILE = TicTacToe/Info.plist;
				LD_RUNPATH_SEARCH_PATHS = (
					"$(inherited)",
					"@executable_path/Frameworks",
				);
				PRODUCT_BUNDLE_IDENTIFIER = SwapnilKha.TicTacToe;
				PRODUCT_NAME = "$(TARGET_NAME)";
				SWIFT_VERSION = 4.0;
				TARGETED_DEVICE_FAMILY = "1,2";
			};
			name = Debug;
		};
		02D7854120F9242F00B869A7 /* Release */ = {
			isa = XCBuildConfiguration;
			buildSettings = {
				ASSETCATALOG_COMPILER_APPICON_NAME = AppIcon;
				CODE_SIGN_STYLE = Automatic;
				DEVELOPMENT_TEAM = TQJCZR8PSW;
				INFOPLIST_FILE = TicTacToe/Info.plist;
				LD_RUNPATH_SEARCH_PATHS = (
					"$(inherited)",
					"@executable_path/Frameworks",
				);
				PRODUCT_BUNDLE_IDENTIFIER = SwapnilKha.TicTacToe;
				PRODUCT_NAME = "$(TARGET_NAME)";
				SWIFT_VERSION = 4.0;
				TARGETED_DEVICE_FAMILY = "1,2";
			};
			name = Release;
		};
/* End XCBuildConfiguration section */

/* Begin XCConfigurationList section */
		02D7852520F9242E00B869A7 /* Build configuration list for PBXProject "TicTacToe" */ = {
			isa = XCConfigurationList;
			buildConfigurations = (
				02D7853D20F9242F00B869A7 /* Debug */,
				02D7853E20F9242F00B869A7 /* Release */,
			);
			defaultConfigurationIsVisible = 0;
			defaultConfigurationName = Release;
		};
		02D7853F20F9242F00B869A7 /* Build configuration list for PBXNativeTarget "TicTacToe" */ = {
			isa = XCConfigurationList;
			buildConfigurations = (
				02D7854020F9242F00B869A7 /* Debug */,
				02D7854120F9242F00B869A7 /* Release */,
			);
			defaultConfigurationIsVisible = 0;
			defaultConfigurationName = Release;
		};
/* End XCConfigurationList section */

/* Begin XCVersionGroup section */
		02D7853420F9242E00B869A7 /* TicTacToe.xcdatamodeld */ = {
			isa = XCVersionGroup;
			children = (
				02D7853520F9242E00B869A7 /* TicTacToe.xcdatamodel */,
			);
			currentVersion = 02D7853520F9242E00B869A7 /* TicTacToe.xcdatamodel */;
			path = TicTacToe.xcdatamodeld;
			sourceTree = "<group>";
			versionGroupType = wrapper.xcdatamodel;
		};
/* End XCVersionGroup section */
	};
	rootObject = 02D7852220F9242E00B869A7 /* Project object */;
}
